
Microsoft Visual Studio Solution File, Format Version 12.00
# Visual Studio Version 16
VisualStudioVersion = 16.0.29326.143
MinimumVisualStudioVersion = 10.0.40219.1
Project("{8BC9CEB8-8B4A-11D0-8D11-00A0C91BC942}") = "AntonProject", "AntonProject\AntonProject.vcxproj", "{5EC9776A-1484-4A77-9624-8F7F24970871}"
EndProject
Global
	GlobalSection(SolutionConfigurationPlatforms) = preSolution
		Debug|x64 = Debug|x64
		Debug|x86 = Debug|x86
		Release|x64 = Release|x64
		Release|x86 = Release|x86
	EndGlobalSection
	GlobalSection(ProjectConfigurationPlatforms) = postSolution
		{5EC9776A-1484-4A77-9624-8F7F24970871}.Debug|x64.ActiveCfg = Debug|x64
		{5EC9776A-1484-4A77-9624-8F7F24970871}.Debug|x64.Build.0 = Debug|x64
		{5EC9776A-1484-4A77-9624-8F7F24970871}.Debug|x86.ActiveCfg = Debug|Win32
		{5EC9776A-1484-4A77-9624-8F7F24970871}.Debug|x86.Build.0 = Debug|Win32
		{5EC9776A-1484-4A77-9624-8F7F24970871}.Release|x64.ActiveCfg = Release|x64
		{5EC9776A-1484-4A77-9624-8F7F24970871}.Release|x64.Build.0 = Release|x64
		{5EC9776A-1484-4A77-9624-8F7F24970871}.Release|x86.ActiveCfg = Release|Win32
		{5EC9776A-1484-4A77-9624-8F7F24970871}.Release|x86.Build.0 = Release|Win32
	EndGlobalSection
	GlobalSection(SolutionProperties) = preSolution
		HideSolutionNode = FALSE
	EndGlobalSection
	GlobalSection(ExtensibilityGlobals) = postSolution
		SolutionGuid = {B1A4E729-6341-4E86-B464-E0C9B875256F}
	EndGlobalSection
EndGlobal
